
Microsoft Visual Studio Solution File, Format Version 12.00
# Visual Studio Version 17
VisualStudioVersion = 17.4.33403.182
MinimumVisualStudioVersion = 10.0.40219.1
Project("{FAE04EC0-301F-11D3-BF4B-00C04F79EFBC}") = "FedorenkoWB", "FedorenkoWB\FedorenkoWB.csproj", "{BA65EFA9-0B6E-479D-A45D-7BA1B6FA9352}"
EndProject
Global
	GlobalSection(SolutionConfigurationPlatforms) = preSolution
		Debug|Any CPU = Debug|Any CPU
		Release|Any CPU = Release|Any CPU
	EndGlobalSection
	GlobalSection(ProjectConfigurationPlatforms) = postSolution
		{BA65EFA9-0B6E-479D-A45D-7BA1B6FA9352}.Debug|Any CPU.ActiveCfg = Debug|Any CPU
		{BA65EFA9-0B6E-479D-A45D-7BA1B6FA9352}.Debug|Any CPU.Build.0 = Debug|Any CPU
		{BA65EFA9-0B6E-479D-A45D-7BA1B6FA9352}.Release|Any CPU.ActiveCfg = Release|Any CPU
		{BA65EFA9-0B6E-479D-A45D-7BA1B6FA9352}.Release|Any CPU.Build.0 = Release|Any CPU
	EndGlobalSection
	GlobalSection(SolutionProperties) = preSolution
		HideSolutionNode = FALSE
	EndGlobalSection
	GlobalSection(ExtensibilityGlobals) = postSolution
		SolutionGuid = {03F75975-0E34-446A-BCAC-F41C01BE8BD1}
	EndGlobalSection
EndGlobal
